// !$*UTF8*$!
{
	archiveVersion = 1;
	classes = {
	};
	objectVersion = 50;
	objects = {

/* Begin PBXBuildFile section */
		150762DB236DDA2B003D5628 /* nodeNameConstants.swift in Sources */ = {isa = PBXBuildFile; fileRef = 150762DA236DDA2B003D5628 /* nodeNameConstants.swift */; };
		150762DD2372A7E3003D5628 /* Pad.sks in Resources */ = {isa = PBXBuildFile; fileRef = 150762DC2372A7E3003D5628 /* Pad.sks */; };
		150762DF23734F2C003D5628 /* Pad.swift in Sources */ = {isa = PBXBuildFile; fileRef = 150762DE23734F2C003D5628 /* Pad.swift */; };
		150762E12374AC04003D5628 /* PadDirection.swift in Sources */ = {isa = PBXBuildFile; fileRef = 150762E02374AC04003D5628 /* PadDirection.swift */; };
		15DF3F9E236A0CFC0044EBF6 /* ForeGround.swift in Sources */ = {isa = PBXBuildFile; fileRef = 15DF3F9D236A0CFC0044EBF6 /* ForeGround.swift */; };
		5408CCBF2349F24D007F9D06 /* InteractiveControlProtocol.swift in Sources */ = {isa = PBXBuildFile; fileRef = 5408CCBE2349F24D007F9D06 /* InteractiveControlProtocol.swift */; };
		542AF091234F4AF400A0E7DD /* Controls.swift in Sources */ = {isa = PBXBuildFile; fileRef = 542AF090234F4AF400A0E7DD /* Controls.swift */; };
		54F97A6E2348E08700A1E78D /* AppDelegate.swift in Sources */ = {isa = PBXBuildFile; fileRef = 54F97A6D2348E08700A1E78D /* AppDelegate.swift */; };
		54F97A702348E08700A1E78D /* GameScene.sks in Resources */ = {isa = PBXBuildFile; fileRef = 54F97A6F2348E08700A1E78D /* GameScene.sks */; };
		54F97A742348E08700A1E78D /* GameScene.swift in Sources */ = {isa = PBXBuildFile; fileRef = 54F97A732348E08700A1E78D /* GameScene.swift */; };
		54F97A762348E08700A1E78D /* GameViewController.swift in Sources */ = {isa = PBXBuildFile; fileRef = 54F97A752348E08700A1E78D /* GameViewController.swift */; };
		54F97A792348E08700A1E78D /* Main.storyboard in Resources */ = {isa = PBXBuildFile; fileRef = 54F97A772348E08700A1E78D /* Main.storyboard */; };
		54F97A7B2348E08800A1E78D /* Assets.xcassets in Resources */ = {isa = PBXBuildFile; fileRef = 54F97A7A2348E08800A1E78D /* Assets.xcassets */; };
		54F97A7E2348E08800A1E78D /* LaunchScreen.storyboard in Resources */ = {isa = PBXBuildFile; fileRef = 54F97A7C2348E08800A1E78D /* LaunchScreen.storyboard */; };
		54F97A872348E3F600A1E78D /* LICENSE in Resources */ = {isa = PBXBuildFile; fileRef = 54F97A862348E3F600A1E78D /* LICENSE */; };
		54F97A8A23490B4900A1E78D /* Button.swift in Sources */ = {isa = PBXBuildFile; fileRef = 54F97A8923490B4900A1E78D /* Button.swift */; };
		54F97A8C23490BD000A1E78D /* Button.sks in Resources */ = {isa = PBXBuildFile; fileRef = 54F97A8B23490BD000A1E78D /* Button.sks */; };
/* End PBXBuildFile section */

/* Begin PBXFileReference section */
		150762DA236DDA2B003D5628 /* nodeNameConstants.swift */ = {isa = PBXFileReference; lastKnownFileType = sourcecode.swift; path = nodeNameConstants.swift; sourceTree = "<group>"; };
		150762DC2372A7E3003D5628 /* Pad.sks */ = {isa = PBXFileReference; lastKnownFileType = file.sks; path = Pad.sks; sourceTree = "<group>"; };
		150762DE23734F2C003D5628 /* Pad.swift */ = {isa = PBXFileReference; lastKnownFileType = sourcecode.swift; path = Pad.swift; sourceTree = "<group>"; };
		150762E02374AC04003D5628 /* PadDirection.swift */ = {isa = PBXFileReference; lastKnownFileType = sourcecode.swift; path = PadDirection.swift; sourceTree = "<group>"; };
		15DF3F9D236A0CFC0044EBF6 /* ForeGround.swift */ = {isa = PBXFileReference; lastKnownFileType = sourcecode.swift; path = ForeGround.swift; sourceTree = "<group>"; };
		5408CCBE2349F24D007F9D06 /* InteractiveControlProtocol.swift */ = {isa = PBXFileReference; lastKnownFileType = sourcecode.swift; path = InteractiveControlProtocol.swift; sourceTree = "<group>"; };
		542AF090234F4AF400A0E7DD /* Controls.swift */ = {isa = PBXFileReference; lastKnownFileType = sourcecode.swift; path = Controls.swift; sourceTree = "<group>"; };
		54F97A6A2348E08700A1E78D /* G-Waz.app */ = {isa = PBXFileReference; explicitFileType = wrapper.application; includeInIndex = 0; path = "G-Waz.app"; sourceTree = BUILT_PRODUCTS_DIR; };
		54F97A6D2348E08700A1E78D /* AppDelegate.swift */ = {isa = PBXFileReference; lastKnownFileType = sourcecode.swift; path = AppDelegate.swift; sourceTree = "<group>"; };
		54F97A6F2348E08700A1E78D /* GameScene.sks */ = {isa = PBXFileReference; lastKnownFileType = file.sks; path = GameScene.sks; sourceTree = "<group>"; };
		54F97A732348E08700A1E78D /* GameScene.swift */ = {isa = PBXFileReference; lastKnownFileType = sourcecode.swift; path = GameScene.swift; sourceTree = "<group>"; };
		54F97A752348E08700A1E78D /* GameViewController.swift */ = {isa = PBXFileReference; lastKnownFileType = sourcecode.swift; path = GameViewController.swift; sourceTree = "<group>"; };
		54F97A782348E08700A1E78D /* Base */ = {isa = PBXFileReference; lastKnownFileType = file.storyboard; name = Base; path = Base.lproj/Main.storyboard; sourceTree = "<group>"; };
		54F97A7A2348E08800A1E78D /* Assets.xcassets */ = {isa = PBXFileReference; lastKnownFileType = folder.assetcatalog; path = Assets.xcassets; sourceTree = "<group>"; };
		54F97A7D2348E08800A1E78D /* Base */ = {isa = PBXFileReference; lastKnownFileType = file.storyboard; name = Base; path = Base.lproj/LaunchScreen.storyboard; sourceTree = "<group>"; };
		54F97A7F2348E08800A1E78D /* Info.plist */ = {isa = PBXFileReference; lastKnownFileType = text.plist.xml; path = Info.plist; sourceTree = "<group>"; };
		54F97A852348E2FF00A1E78D /* README.md */ = {isa = PBXFileReference; lastKnownFileType = net.daringfireball.markdown; path = README.md; sourceTree = SOURCE_ROOT; };
		54F97A862348E3F600A1E78D /* LICENSE */ = {isa = PBXFileReference; lastKnownFileType = text; path = LICENSE; sourceTree = "<group>"; };
		54F97A8923490B4900A1E78D /* Button.swift */ = {isa = PBXFileReference; lastKnownFileType = sourcecode.swift; path = Button.swift; sourceTree = "<group>"; };
		54F97A8B23490BD000A1E78D /* Button.sks */ = {isa = PBXFileReference; lastKnownFileType = file.sks; path = Button.sks; sourceTree = "<group>"; };
/* End PBXFileReference section */

/* Begin PBXFrameworksBuildPhase section */
		54F97A672348E08700A1E78D /* Frameworks */ = {
			isa = PBXFrameworksBuildPhase;
			buildActionMask = 2147483647;
			files = (
			);
			runOnlyForDeploymentPostprocessing = 0;
		};
/* End PBXFrameworksBuildPhase section */

/* Begin PBXGroup section */
		150762D9236DDA12003D5628 /* New Group */ = {
			isa = PBXGroup;
			children = (
				150762DA236DDA2B003D5628 /* nodeNameConstants.swift */,
			);
			path = "New Group";
			sourceTree = "<group>";
		};
		15DF3F9C236A0CBC0044EBF6 /* Layers */ = {
			isa = PBXGroup;
			children = (
				15DF3F9D236A0CFC0044EBF6 /* ForeGround.swift */,
			);
			path = Layers;
			sourceTree = "<group>";
		};
		5408CCBD2349F216007F9D06 /* Controls */ = {
			isa = PBXGroup;
			children = (
				5408CCBE2349F24D007F9D06 /* InteractiveControlProtocol.swift */,
				542AF090234F4AF400A0E7DD /* Controls.swift */,
				54F97A8923490B4900A1E78D /* Button.swift */,
				54F97A8B23490BD000A1E78D /* Button.sks */,
				150762DE23734F2C003D5628 /* Pad.swift */,
				150762E02374AC04003D5628 /* PadDirection.swift */,
				150762DC2372A7E3003D5628 /* Pad.sks */,
			);
			path = Controls;
			sourceTree = "<group>";
		};
		54F97A612348E08700A1E78D = {
			isa = PBXGroup;
			children = (
				54F97A862348E3F600A1E78D /* LICENSE */,
				54F97A852348E2FF00A1E78D /* README.md */,
				54F97A6C2348E08700A1E78D /* G-Waz */,
				54F97A6B2348E08700A1E78D /* Products */,
			);
			sourceTree = "<group>";
		};
		54F97A6B2348E08700A1E78D /* Products */ = {
			isa = PBXGroup;
			children = (
				54F97A6A2348E08700A1E78D /* G-Waz.app */,
			);
			name = Products;
			sourceTree = "<group>";
		};
		54F97A6C2348E08700A1E78D /* G-Waz */ = {
			isa = PBXGroup;
			children = (
				150762D9236DDA12003D5628 /* New Group */,
				15DF3F9C236A0CBC0044EBF6 /* Layers */,
				5408CCBD2349F216007F9D06 /* Controls */,
				54F97A6D2348E08700A1E78D /* AppDelegate.swift */,
				54F97A6F2348E08700A1E78D /* GameScene.sks */,
				54F97A732348E08700A1E78D /* GameScene.swift */,
				54F97A752348E08700A1E78D /* GameViewController.swift */,
				54F97A772348E08700A1E78D /* Main.storyboard */,
				54F97A7A2348E08800A1E78D /* Assets.xcassets */,
				54F97A7C2348E08800A1E78D /* LaunchScreen.storyboard */,
				54F97A7F2348E08800A1E78D /* Info.plist */,
			);
			path = "G-Waz";
			sourceTree = "<group>";
		};
/* End PBXGroup section */

/* Begin PBXNativeTarget section */
		54F97A692348E08700A1E78D /* G-Waz */ = {
			isa = PBXNativeTarget;
			buildConfigurationList = 54F97A822348E08800A1E78D /* Build configuration list for PBXNativeTarget "G-Waz" */;
			buildPhases = (
				54F97A662348E08700A1E78D /* Sources */,
				54F97A672348E08700A1E78D /* Frameworks */,
				54F97A682348E08700A1E78D /* Resources */,
			);
			buildRules = (
			);
			dependencies = (
			);
			name = "G-Waz";
			productName = "G-Waz";
			productReference = 54F97A6A2348E08700A1E78D /* G-Waz.app */;
			productType = "com.apple.product-type.application";
		};
/* End PBXNativeTarget section */

/* Begin PBXProject section */
		54F97A622348E08700A1E78D /* Project object */ = {
			isa = PBXProject;
			attributes = {
				LastSwiftUpdateCheck = 1030;
				LastUpgradeCheck = 1030;
				ORGANIZATIONNAME = Behr;
				TargetAttributes = {
					54F97A692348E08700A1E78D = {
						CreatedOnToolsVersion = 10.3;
					};
				};
			};
			buildConfigurationList = 54F97A652348E08700A1E78D /* Build configuration list for PBXProject "G-Waz" */;
			compatibilityVersion = "Xcode 9.3";
			developmentRegion = en;
			hasScannedForEncodings = 0;
			knownRegions = (
				en,
				Base,
			);
			mainGroup = 54F97A612348E08700A1E78D;
			productRefGroup = 54F97A6B2348E08700A1E78D /* Products */;
			projectDirPath = "";
			projectRoot = "";
			targets = (
				54F97A692348E08700A1E78D /* G-Waz */,
			);
		};
/* End PBXProject section */

/* Begin PBXResourcesBuildPhase section */
		54F97A682348E08700A1E78D /* Resources */ = {
			isa = PBXResourcesBuildPhase;
			buildActionMask = 2147483647;
			files = (
				54F97A872348E3F600A1E78D /* LICENSE in Resources */,
				54F97A792348E08700A1E78D /* Main.storyboard in Resources */,
				54F97A702348E08700A1E78D /* GameScene.sks in Resources */,
				54F97A7B2348E08800A1E78D /* Assets.xcassets in Resources */,
				54F97A7E2348E08800A1E78D /* LaunchScreen.storyboard in Resources */,
				150762DD2372A7E3003D5628 /* Pad.sks in Resources */,
				54F97A8C23490BD000A1E78D /* Button.sks in Resources */,
			);
			runOnlyForDeploymentPostprocessing = 0;
		};
/* End PBXResourcesBuildPhase section */

/* Begin PBXSourcesBuildPhase section */
		54F97A662348E08700A1E78D /* Sources */ = {
			isa = PBXSourcesBuildPhase;
			buildActionMask = 2147483647;
			files = (
				15DF3F9E236A0CFC0044EBF6 /* ForeGround.swift in Sources */,
				5408CCBF2349F24D007F9D06 /* InteractiveControlProtocol.swift in Sources */,
				54F97A742348E08700A1E78D /* GameScene.swift in Sources */,
				150762DF23734F2C003D5628 /* Pad.swift in Sources */,
				54F97A762348E08700A1E78D /* GameViewController.swift in Sources */,
				542AF091234F4AF400A0E7DD /* Controls.swift in Sources */,
				54F97A6E2348E08700A1E78D /* AppDelegate.swift in Sources */,
				150762DB236DDA2B003D5628 /* nodeNameConstants.swift in Sources */,
				54F97A8A23490B4900A1E78D /* Button.swift in Sources */,
				150762E12374AC04003D5628 /* PadDirection.swift in Sources */,
			);
			runOnlyForDeploymentPostprocessing = 0;
		};
/* End PBXSourcesBuildPhase section */

/* Begin PBXVariantGroup section */
		54F97A772348E08700A1E78D /* Main.storyboard */ = {
			isa = PBXVariantGroup;
			children = (
				54F97A782348E08700A1E78D /* Base */,
			);
			name = Main.storyboard;
			sourceTree = "<group>";
		};
		54F97A7C2348E08800A1E78D /* LaunchScreen.storyboard */ = {
			isa = PBXVariantGroup;
			children = (
				54F97A7D2348E08800A1E78D /* Base */,
			);
			name = LaunchScreen.storyboard;
			sourceTree = "<group>";
		};
/* End PBXVariantGroup section */

/* Begin XCBuildConfiguration section */
		54F97A802348E08800A1E78D /* Debug */ = {
			isa = XCBuildConfiguration;
			buildSettings = {
				ALWAYS_SEARCH_USER_PATHS = NO;
				CLANG_ANALYZER_NONNULL = YES;
				CLANG_ANALYZER_NUMBER_OBJECT_CONVERSION = YES_AGGRESSIVE;
				CLANG_CXX_LANGUAGE_STANDARD = "gnu++14";
				CLANG_CXX_LIBRARY = "libc++";
				CLANG_ENABLE_MODULES = YES;
				CLANG_ENABLE_OBJC_ARC = YES;
				CLANG_ENABLE_OBJC_WEAK = YES;
				CLANG_WARN_BLOCK_CAPTURE_AUTORELEASING = YES;
				CLANG_WARN_BOOL_CONVERSION = YES;
				CLANG_WARN_COMMA = YES;
				CLANG_WARN_CONSTANT_CONVERSION = YES;
				CLANG_WARN_DEPRECATED_OBJC_IMPLEMENTATIONS = YES;
				CLANG_WARN_DIRECT_OBJC_ISA_USAGE = YES_ERROR;
				CLANG_WARN_DOCUMENTATION_COMMENTS = YES;
				CLANG_WARN_EMPTY_BODY = YES;
				CLANG_WARN_ENUM_CONVERSION = YES;
				CLANG_WARN_INFINITE_RECURSION = YES;
				CLANG_WARN_INT_CONVERSION = YES;
				CLANG_WARN_NON_LITERAL_NULL_CONVERSION = YES;
				CLANG_WARN_OBJC_IMPLICIT_RETAIN_SELF = YES;
				CLANG_WARN_OBJC_LITERAL_CONVERSION = YES;
				CLANG_WARN_OBJC_ROOT_CLASS = YES_ERROR;
				CLANG_WARN_RANGE_LOOP_ANALYSIS = YES;
				CLANG_WARN_STRICT_PROTOTYPES = YES;
				CLANG_WARN_SUSPICIOUS_MOVE = YES;
				CLANG_WARN_UNGUARDED_AVAILABILITY = YES_AGGRESSIVE;
				CLANG_WARN_UNREACHABLE_CODE = YES;
				CLANG_WARN__DUPLICATE_METHOD_MATCH = YES;
				CODE_SIGN_IDENTITY = "iPhone Developer";
				COPY_PHASE_STRIP = NO;
				DEBUG_INFORMATION_FORMAT = dwarf;
				ENABLE_STRICT_OBJC_MSGSEND = YES;
				ENABLE_TESTABILITY = YES;
				GCC_C_LANGUAGE_STANDARD = gnu11;
				GCC_DYNAMIC_NO_PIC = NO;
				GCC_NO_COMMON_BLOCKS = YES;
				GCC_OPTIMIZATION_LEVEL = 0;
				GCC_PREPROCESSOR_DEFINITIONS = (
					"DEBUG=1",
					"$(inherited)",
				);
				GCC_WARN_64_TO_32_BIT_CONVERSION = YES;
				GCC_WARN_ABOUT_RETURN_TYPE = YES_ERROR;
				GCC_WARN_UNDECLARED_SELECTOR = YES;
				GCC_WARN_UNINITIALIZED_AUTOS = YES_AGGRESSIVE;
				GCC_WARN_UNUSED_FUNCTION = YES;
				GCC_WARN_UNUSED_VARIABLE = YES;
				IPHONEOS_DEPLOYMENT_TARGET = 12.4;
				MTL_ENABLE_DEBUG_INFO = INCLUDE_SOURCE;
				MTL_FAST_MATH = YES;
				ONLY_ACTIVE_ARCH = YES;
				SDKROOT = iphoneos;
				SWIFT_ACTIVE_COMPILATION_CONDITIONS = DEBUG;
				SWIFT_OPTIMIZATION_LEVEL = "-Onone";
			};
			name = Debug;
		};
		54F97A812348E08800A1E78D /* Release */ = {
			isa = XCBuildConfiguration;
			buildSettings = {
				ALWAYS_SEARCH_USER_PATHS = NO;
				CLANG_ANALYZER_NONNULL = YES;
				CLANG_ANALYZER_NUMBER_OBJECT_CONVERSION = YES_AGGRESSIVE;
				CLANG_CXX_LANGUAGE_STANDARD = "gnu++14";
				CLANG_CXX_LIBRARY = "libc++";
				CLANG_ENABLE_MODULES = YES;
				CLANG_ENABLE_OBJC_ARC = YES;
				CLANG_ENABLE_OBJC_WEAK = YES;
				CLANG_WARN_BLOCK_CAPTURE_AUTORELEASING = YES;
				CLANG_WARN_BOOL_CONVERSION = YES;
				CLANG_WARN_COMMA = YES;
				CLANG_WARN_CONSTANT_CONVERSION = YES;
				CLANG_WARN_DEPRECATED_OBJC_IMPLEMENTATIONS = YES;
				CLANG_WARN_DIRECT_OBJC_ISA_USAGE = YES_ERROR;
				CLANG_WARN_DOCUMENTATION_COMMENTS = YES;
				CLANG_WARN_EMPTY_BODY = YES;
				CLANG_WARN_ENUM_CONVERSION = YES;
				CLANG_WARN_INFINITE_RECURSION = YES;
				CLANG_WARN_INT_CONVERSION = YES;
				CLANG_WARN_NON_LITERAL_NULL_CONVERSION = YES;
				CLANG_WARN_OBJC_IMPLICIT_RETAIN_SELF = YES;
				CLANG_WARN_OBJC_LITERAL_CONVERSION = YES;
				CLANG_WARN_OBJC_ROOT_CLASS = YES_ERROR;
				CLANG_WARN_RANGE_LOOP_ANALYSIS = YES;
				CLANG_WARN_STRICT_PROTOTYPES = YES;
				CLANG_WARN_SUSPICIOUS_MOVE = YES;
				CLANG_WARN_UNGUARDED_AVAILABILITY = YES_AGGRESSIVE;
				CLANG_WARN_UNREACHABLE_CODE = YES;
				CLANG_WARN__DUPLICATE_METHOD_MATCH = YES;
				CODE_SIGN_IDENTITY = "iPhone Developer";
				COPY_PHASE_STRIP = NO;
				DEBUG_INFORMATION_FORMAT = "dwarf-with-dsym";
				ENABLE_NS_ASSERTIONS = NO;
				ENABLE_STRICT_OBJC_MSGSEND = YES;
				GCC_C_LANGUAGE_STANDARD = gnu11;
				GCC_NO_COMMON_BLOCKS = YES;
				GCC_WARN_64_TO_32_BIT_CONVERSION = YES;
				GCC_WARN_ABOUT_RETURN_TYPE = YES_ERROR;
				GCC_WARN_UNDECLARED_SELECTOR = YES;
				GCC_WARN_UNINITIALIZED_AUTOS = YES_AGGRESSIVE;
				GCC_WARN_UNUSED_FUNCTION = YES;
				GCC_WARN_UNUSED_VARIABLE = YES;
				IPHONEOS_DEPLOYMENT_TARGET = 12.4;
				MTL_ENABLE_DEBUG_INFO = NO;
				MTL_FAST_MATH = YES;
				SDKROOT = iphoneos;
				SWIFT_COMPILATION_MODE = wholemodule;
				SWIFT_OPTIMIZATION_LEVEL = "-O";
				VALIDATE_PRODUCT = YES;
			};
			name = Release;
		};
		54F97A832348E08800A1E78D /* Debug */ = {
			isa = XCBuildConfiguration;
			buildSettings = {
				ASSETCATALOG_COMPILER_APPICON_NAME = AppIcon;
				CODE_SIGN_STYLE = Automatic;
				DEVELOPMENT_TEAM = HF5S34BRGG;
				INFOPLIST_FILE = "G-Waz/Info.plist";
				LD_RUNPATH_SEARCH_PATHS = (
					"$(inherited)",
					"@executable_path/Frameworks",
				);
				PRODUCT_BUNDLE_IDENTIFIER = "behr.G-Waz";
				PRODUCT_NAME = "$(TARGET_NAME)";
				SWIFT_VERSION = 5.0;
				TARGETED_DEVICE_FAMILY = "1,2";
			};
			name = Debug;
		};
		54F97A842348E08800A1E78D /* Release */ = {
			isa = XCBuildConfiguration;
			buildSettings = {
				ASSETCATALOG_COMPILER_APPICON_NAME = AppIcon;
				CODE_SIGN_STYLE = Automatic;
				DEVELOPMENT_TEAM = HF5S34BRGG;
				INFOPLIST_FILE = "G-Waz/Info.plist";
				LD_RUNPATH_SEARCH_PATHS = (
					"$(inherited)",
					"@executable_path/Frameworks",
				);
				PRODUCT_BUNDLE_IDENTIFIER = "behr.G-Waz";
				PRODUCT_NAME = "$(TARGET_NAME)";
				SWIFT_VERSION = 5.0;
				TARGETED_DEVICE_FAMILY = "1,2";
			};
			name = Release;
		};
/* End XCBuildConfiguration section */

/* Begin XCConfigurationList section */
		54F97A652348E08700A1E78D /* Build configuration list for PBXProject "G-Waz" */ = {
			isa = XCConfigurationList;
			buildConfigurations = (
				54F97A802348E08800A1E78D /* Debug */,
				54F97A812348E08800A1E78D /* Release */,
			);
			defaultConfigurationIsVisible = 0;
			defaultConfigurationName = Release;
		};
		54F97A822348E08800A1E78D /* Build configuration list for PBXNativeTarget "G-Waz" */ = {
			isa = XCConfigurationList;
			buildConfigurations = (
				54F97A832348E08800A1E78D /* Debug */,
				54F97A842348E08800A1E78D /* Release */,
			);
			defaultConfigurationIsVisible = 0;
			defaultConfigurationName = Release;
		};
/* End XCConfigurationList section */
	};
	rootObject = 54F97A622348E08700A1E78D /* Project object */;
}
